// !$*UTF8*$!
{
	archiveVersion = 1;
	classes = {
	};
	objectVersion = 48;
	objects = {

/* Begin PBXBuildFile section */
		AF521DA61F828C0E00F8E564 /* AppDelegate.swift in Sources */ = {isa = PBXBuildFile; fileRef = AF521DA51F828C0E00F8E564 /* AppDelegate.swift */; };
		AF521DA81F828C0E00F8E564 /* ViewController.swift in Sources */ = {isa = PBXBuildFile; fileRef = AF521DA71F828C0E00F8E564 /* ViewController.swift */; };
		AF521DAB1F828C0E00F8E564 /* Main.storyboard in Resources */ = {isa = PBXBuildFile; fileRef = AF521DA91F828C0E00F8E564 /* Main.storyboard */; };
		AF521DAD1F828C0E00F8E564 /* Assets.xcassets in Resources */ = {isa = PBXBuildFile; fileRef = AF521DAC1F828C0E00F8E564 /* Assets.xcassets */; };
		AF521DB01F828C0E00F8E564 /* LaunchScreen.storyboard in Resources */ = {isa = PBXBuildFile; fileRef = AF521DAE1F828C0E00F8E564 /* LaunchScreen.storyboard */; };
		AF521DBB1F828C0E00F8E564 /* LoginFormTests.swift in Sources */ = {isa = PBXBuildFile; fileRef = AF521DBA1F828C0E00F8E564 /* LoginFormTests.swift */; };
		AF521DC61F828C0E00F8E564 /* LoginFormUITests.swift in Sources */ = {isa = PBXBuildFile; fileRef = AF521DC51F828C0E00F8E564 /* LoginFormUITests.swift */; };
/* End PBXBuildFile section */

/* Begin PBXContainerItemProxy section */
		AF521DB71F828C0E00F8E564 /* PBXContainerItemProxy */ = {
			isa = PBXContainerItemProxy;
			containerPortal = AF521D9A1F828C0E00F8E564 /* Project object */;
			proxyType = 1;
			remoteGlobalIDString = AF521DA11F828C0E00F8E564;
			remoteInfo = LoginForm;
		};
		AF521DC21F828C0E00F8E564 /* PBXContainerItemProxy */ = {
			isa = PBXContainerItemProxy;
			containerPortal = AF521D9A1F828C0E00F8E564 /* Project object */;
			proxyType = 1;
			remoteGlobalIDString = AF521DA11F828C0E00F8E564;
			remoteInfo = LoginForm;
		};
/* End PBXContainerItemProxy section */

/* Begin PBXFileReference section */
		AF521DA21F828C0E00F8E564 /* LoginForm.app */ = {isa = PBXFileReference; explicitFileType = wrapper.application; includeInIndex = 0; path = LoginForm.app; sourceTree = BUILT_PRODUCTS_DIR; };
		AF521DA51F828C0E00F8E564 /* AppDelegate.swift */ = {isa = PBXFileReference; lastKnownFileType = sourcecode.swift; path = AppDelegate.swift; sourceTree = "<group>"; };
		AF521DA71F828C0E00F8E564 /* ViewController.swift */ = {isa = PBXFileReference; lastKnownFileType = sourcecode.swift; path = ViewController.swift; sourceTree = "<group>"; };
		AF521DAA1F828C0E00F8E564 /* Base */ = {isa = PBXFileReference; lastKnownFileType = file.storyboard; name = Base; path = Base.lproj/Main.storyboard; sourceTree = "<group>"; };
		AF521DAC1F828C0E00F8E564 /* Assets.xcassets */ = {isa = PBXFileReference; lastKnownFileType = folder.assetcatalog; path = Assets.xcassets; sourceTree = "<group>"; };
		AF521DAF1F828C0E00F8E564 /* Base */ = {isa = PBXFileReference; lastKnownFileType = file.storyboard; name = Base; path = Base.lproj/LaunchScreen.storyboard; sourceTree = "<group>"; };
		AF521DB11F828C0E00F8E564 /* Info.plist */ = {isa = PBXFileReference; lastKnownFileType = text.plist.xml; path = Info.plist; sourceTree = "<group>"; };
		AF521DB61F828C0E00F8E564 /* LoginFormTests.xctest */ = {isa = PBXFileReference; explicitFileType = wrapper.cfbundle; includeInIndex = 0; path = LoginFormTests.xctest; sourceTree = BUILT_PRODUCTS_DIR; };
		AF521DBA1F828C0E00F8E564 /* LoginFormTests.swift */ = {isa = PBXFileReference; lastKnownFileType = sourcecode.swift; path = LoginFormTests.swift; sourceTree = "<group>"; };
		AF521DBC1F828C0E00F8E564 /* Info.plist */ = {isa = PBXFileReference; lastKnownFileType = text.plist.xml; path = Info.plist; sourceTree = "<group>"; };
		AF521DC11F828C0E00F8E564 /* LoginFormUITests.xctest */ = {isa = PBXFileReference; explicitFileType = wrapper.cfbundle; includeInIndex = 0; path = LoginFormUITests.xctest; sourceTree = BUILT_PRODUCTS_DIR; };
		AF521DC51F828C0E00F8E564 /* LoginFormUITests.swift */ = {isa = PBXFileReference; lastKnownFileType = sourcecode.swift; path = LoginFormUITests.swift; sourceTree = "<group>"; };
		AF521DC71F828C0E00F8E564 /* Info.plist */ = {isa = PBXFileReference; lastKnownFileType = text.plist.xml; path = Info.plist; sourceTree = "<group>"; };
/* End PBXFileReference section */

/* Begin PBXFrameworksBuildPhase section */
		AF521D9F1F828C0E00F8E564 /* Frameworks */ = {
			isa = PBXFrameworksBuildPhase;
			buildActionMask = 2147483647;
			files = (
			);
			runOnlyForDeploymentPostprocessing = 0;
		};
		AF521DB31F828C0E00F8E564 /* Frameworks */ = {
			isa = PBXFrameworksBuildPhase;
			buildActionMask = 2147483647;
			files = (
			);
			runOnlyForDeploymentPostprocessing = 0;
		};
		AF521DBE1F828C0E00F8E564 /* Frameworks */ = {
			isa = PBXFrameworksBuildPhase;
			buildActionMask = 2147483647;
			files = (
			);
			runOnlyForDeploymentPostprocessing = 0;
		};
/* End PBXFrameworksBuildPhase section */

/* Begin PBXGroup section */
		AF521D991F828C0E00F8E564 = {
			isa = PBXGroup;
			children = (
				AF521DA41F828C0E00F8E564 /* LoginForm */,
				AF521DB91F828C0E00F8E564 /* LoginFormTests */,
				AF521DC41F828C0E00F8E564 /* LoginFormUITests */,
				AF521DA31F828C0E00F8E564 /* Products */,
			);
			sourceTree = "<group>";
		};
		AF521DA31F828C0E00F8E564 /* Products */ = {
			isa = PBXGroup;
			children = (
				AF521DA21F828C0E00F8E564 /* LoginForm.app */,
				AF521DB61F828C0E00F8E564 /* LoginFormTests.xctest */,
				AF521DC11F828C0E00F8E564 /* LoginFormUITests.xctest */,
			);
			name = Products;
			sourceTree = "<group>";
		};
		AF521DA41F828C0E00F8E564 /* LoginForm */ = {
			isa = PBXGroup;
			children = (
				AF521DA51F828C0E00F8E564 /* AppDelegate.swift */,
				AF521DA71F828C0E00F8E564 /* ViewController.swift */,
				AF521DA91F828C0E00F8E564 /* Main.storyboard */,
				AF521DAC1F828C0E00F8E564 /* Assets.xcassets */,
				AF521DAE1F828C0E00F8E564 /* LaunchScreen.storyboard */,
				AF521DB11F828C0E00F8E564 /* Info.plist */,
			);
			path = LoginForm;
			sourceTree = "<group>";
		};
		AF521DB91F828C0E00F8E564 /* LoginFormTests */ = {
			isa = PBXGroup;
			children = (
				AF521DBA1F828C0E00F8E564 /* LoginFormTests.swift */,
				AF521DBC1F828C0E00F8E564 /* Info.plist */,
			);
			path = LoginFormTests;
			sourceTree = "<group>";
		};
		AF521DC41F828C0E00F8E564 /* LoginFormUITests */ = {
			isa = PBXGroup;
			children = (
				AF521DC51F828C0E00F8E564 /* LoginFormUITests.swift */,
				AF521DC71F828C0E00F8E564 /* Info.plist */,
			);
			path = LoginFormUITests;
			sourceTree = "<group>";
		};
/* End PBXGroup section */

/* Begin PBXNativeTarget section */
		AF521DA11F828C0E00F8E564 /* LoginForm */ = {
			isa = PBXNativeTarget;
			buildConfigurationList = AF521DCA1F828C0E00F8E564 /* Build configuration list for PBXNativeTarget "LoginForm" */;
			buildPhases = (
				AF521D9E1F828C0E00F8E564 /* Sources */,
				AF521D9F1F828C0E00F8E564 /* Frameworks */,
				AF521DA01F828C0E00F8E564 /* Resources */,
			);
			buildRules = (
			);
			dependencies = (
			);
			name = LoginForm;
			productName = LoginForm;
			productReference = AF521DA21F828C0E00F8E564 /* LoginForm.app */;
			productType = "com.apple.product-type.application";
		};
		AF521DB51F828C0E00F8E564 /* LoginFormTests */ = {
			isa = PBXNativeTarget;
			buildConfigurationList = AF521DCD1F828C0E00F8E564 /* Build configuration list for PBXNativeTarget "LoginFormTests" */;
			buildPhases = (
				AF521DB21F828C0E00F8E564 /* Sources */,
				AF521DB31F828C0E00F8E564 /* Frameworks */,
				AF521DB41F828C0E00F8E564 /* Resources */,
			);
			buildRules = (
			);
			dependencies = (
				AF521DB81F828C0E00F8E564 /* PBXTargetDependency */,
			);
			name = LoginFormTests;
			productName = LoginFormTests;
			productReference = AF521DB61F828C0E00F8E564 /* LoginFormTests.xctest */;
			productType = "com.apple.product-type.bundle.unit-test";
		};
		AF521DC01F828C0E00F8E564 /* LoginFormUITests */ = {
			isa = PBXNativeTarget;
			buildConfigurationList = AF521DD01F828C0E00F8E564 /* Build configuration list for PBXNativeTarget "LoginFormUITests" */;
			buildPhases = (
				AF521DBD1F828C0E00F8E564 /* Sources */,
				AF521DBE1F828C0E00F8E564 /* Frameworks */,
				AF521DBF1F828C0E00F8E564 /* Resources */,
			);
			buildRules = (
			);
			dependencies = (
				AF521DC31F828C0E00F8E564 /* PBXTargetDependency */,
			);
			name = LoginFormUITests;
			productName = LoginFormUITests;
			productReference = AF521DC11F828C0E00F8E564 /* LoginFormUITests.xctest */;
			productType = "com.apple.product-type.bundle.ui-testing";
		};
/* End PBXNativeTarget section */

/* Begin PBXProject section */
		AF521D9A1F828C0E00F8E564 /* Project object */ = {
			isa = PBXProject;
			attributes = {
				LastSwiftUpdateCheck = 0900;
				LastUpgradeCheck = 0900;
				ORGANIZATIONNAME = "William John";
				TargetAttributes = {
					AF521DA11F828C0E00F8E564 = {
						CreatedOnToolsVersion = 9.0;
						ProvisioningStyle = Automatic;
					};
					AF521DB51F828C0E00F8E564 = {
						CreatedOnToolsVersion = 9.0;
						ProvisioningStyle = Automatic;
						TestTargetID = AF521DA11F828C0E00F8E564;
					};
					AF521DC01F828C0E00F8E564 = {
						CreatedOnToolsVersion = 9.0;
						ProvisioningStyle = Automatic;
						TestTargetID = AF521DA11F828C0E00F8E564;
					};
				};
			};
			buildConfigurationList = AF521D9D1F828C0E00F8E564 /* Build configuration list for PBXProject "LoginForm" */;
			compatibilityVersion = "Xcode 8.0";
			developmentRegion = en;
			hasScannedForEncodings = 0;
			knownRegions = (
				en,
				Base,
			);
			mainGroup = AF521D991F828C0E00F8E564;
			productRefGroup = AF521DA31F828C0E00F8E564 /* Products */;
			projectDirPath = "";
			projectRoot = "";
			targets = (
				AF521DA11F828C0E00F8E564 /* LoginForm */,
				AF521DB51F828C0E00F8E564 /* LoginFormTests */,
				AF521DC01F828C0E00F8E564 /* LoginFormUITests */,
			);
		};
/* End PBXProject section */

/* Begin PBXResourcesBuildPhase section */
		AF521DA01F828C0E00F8E564 /* Resources */ = {
			isa = PBXResourcesBuildPhase;
			buildActionMask = 2147483647;
			files = (
				AF521DB01F828C0E00F8E564 /* LaunchScreen.storyboard in Resources */,
				AF521DAD1F828C0E00F8E564 /* Assets.xcassets in Resources */,
				AF521DAB1F828C0E00F8E564 /* Main.storyboard in Resources */,
			);
			runOnlyForDeploymentPostprocessing = 0;
		};
		AF521DB41F828C0E00F8E564 /* Resources */ = {
			isa = PBXResourcesBuildPhase;
			buildActionMask = 2147483647;
			files = (
			);
			runOnlyForDeploymentPostprocessing = 0;
		};
		AF521DBF1F828C0E00F8E564 /* Resources */ = {
			isa = PBXResourcesBuildPhase;
			buildActionMask = 2147483647;
			files = (
			);
			runOnlyForDeploymentPostprocessing = 0;
		};
/* End PBXResourcesBuildPhase section */

/* Begin PBXSourcesBuildPhase section */
		AF521D9E1F828C0E00F8E564 /* Sources */ = {
			isa = PBXSourcesBuildPhase;
			buildActionMask = 2147483647;
			files = (
				AF521DA81F828C0E00F8E564 /* ViewController.swift in Sources */,
				AF521DA61F828C0E00F8E564 /* AppDelegate.swift in Sources */,
			);
			runOnlyForDeploymentPostprocessing = 0;
		};
		AF521DB21F828C0E00F8E564 /* Sources */ = {
			isa = PBXSourcesBuildPhase;
			buildActionMask = 2147483647;
			files = (
				AF521DBB1F828C0E00F8E564 /* LoginFormTests.swift in Sources */,
			);
			runOnlyForDeploymentPostprocessing = 0;
		};
		AF521DBD1F828C0E00F8E564 /* Sources */ = {
			isa = PBXSourcesBuildPhase;
			buildActionMask = 2147483647;
			files = (
				AF521DC61F828C0E00F8E564 /* LoginFormUITests.swift in Sources */,
			);
			runOnlyForDeploymentPostprocessing = 0;
		};
/* End PBXSourcesBuildPhase section */

/* Begin PBXTargetDependency section */
		AF521DB81F828C0E00F8E564 /* PBXTargetDependency */ = {
			isa = PBXTargetDependency;
			target = AF521DA11F828C0E00F8E564 /* LoginForm */;
			targetProxy = AF521DB71F828C0E00F8E564 /* PBXContainerItemProxy */;
		};
		AF521DC31F828C0E00F8E564 /* PBXTargetDependency */ = {
			isa = PBXTargetDependency;
			target = AF521DA11F828C0E00F8E564 /* LoginForm */;
			targetProxy = AF521DC21F828C0E00F8E564 /* PBXContainerItemProxy */;
		};
/* End PBXTargetDependency section */

/* Begin PBXVariantGroup section */
		AF521DA91F828C0E00F8E564 /* Main.storyboard */ = {
			isa = PBXVariantGroup;
			children = (
				AF521DAA1F828C0E00F8E564 /* Base */,
			);
			name = Main.storyboard;
			sourceTree = "<group>";
		};
		AF521DAE1F828C0E00F8E564 /* LaunchScreen.storyboard */ = {
			isa = PBXVariantGroup;
			children = (
				AF521DAF1F828C0E00F8E564 /* Base */,
			);
			name = LaunchScreen.storyboard;
			sourceTree = "<group>";
		};
/* End PBXVariantGroup section */

/* Begin XCBuildConfiguration section */
		AF521DC81F828C0E00F8E564 /* Debug */ = {
			isa = XCBuildConfiguration;
			buildSettings = {
				ALWAYS_SEARCH_USER_PATHS = NO;
				CLANG_ANALYZER_NONNULL = YES;
				CLANG_ANALYZER_NUMBER_OBJECT_CONVERSION = YES_AGGRESSIVE;
				CLANG_CXX_LANGUAGE_STANDARD = "gnu++14";
				CLANG_CXX_LIBRARY = "libc++";
				CLANG_ENABLE_MODULES = YES;
				CLANG_ENABLE_OBJC_ARC = YES;
				CLANG_WARN_BLOCK_CAPTURE_AUTORELEASING = YES;
				CLANG_WARN_BOOL_CONVERSION = YES;
				CLANG_WARN_COMMA = YES;
				CLANG_WARN_CONSTANT_CONVERSION = YES;
				CLANG_WARN_DIRECT_OBJC_ISA_USAGE = YES_ERROR;
				CLANG_WARN_DOCUMENTATION_COMMENTS = YES;
				CLANG_WARN_EMPTY_BODY = YES;
				CLANG_WARN_ENUM_CONVERSION = YES;
				CLANG_WARN_INFINITE_RECURSION = YES;
				CLANG_WARN_INT_CONVERSION = YES;
				CLANG_WARN_NON_LITERAL_NULL_CONVERSION = YES;
				CLANG_WARN_OBJC_LITERAL_CONVERSION = YES;
				CLANG_WARN_OBJC_ROOT_CLASS = YES_ERROR;
				CLANG_WARN_RANGE_LOOP_ANALYSIS = YES;
				CLANG_WARN_STRICT_PROTOTYPES = YES;
				CLANG_WARN_SUSPICIOUS_MOVE = YES;
				CLANG_WARN_UNGUARDED_AVAILABILITY = YES_AGGRESSIVE;
				CLANG_WARN_UNREACHABLE_CODE = YES;
				CLANG_WARN__DUPLICATE_METHOD_MATCH = YES;
				CODE_SIGN_IDENTITY = "iPhone Developer";
				COPY_PHASE_STRIP = NO;
				DEBUG_INFORMATION_FORMAT = dwarf;
				ENABLE_STRICT_OBJC_MSGSEND = YES;
				ENABLE_TESTABILITY = YES;
				GCC_C_LANGUAGE_STANDARD = gnu11;
				GCC_DYNAMIC_NO_PIC = NO;
				GCC_NO_COMMON_BLOCKS = YES;
				GCC_OPTIMIZATION_LEVEL = 0;
				GCC_PREPROCESSOR_DEFINITIONS = (
					"DEBUG=1",
					"$(inherited)",
				);
				GCC_WARN_64_TO_32_BIT_CONVERSION = YES;
				GCC_WARN_ABOUT_RETURN_TYPE = YES_ERROR;
				GCC_WARN_UNDECLARED_SELECTOR = YES;
				GCC_WARN_UNINITIALIZED_AUTOS = YES_AGGRESSIVE;
				GCC_WARN_UNUSED_FUNCTION = YES;
				GCC_WARN_UNUSED_VARIABLE = YES;
				IPHONEOS_DEPLOYMENT_TARGET = 11.0;
				MTL_ENABLE_DEBUG_INFO = YES;
				ONLY_ACTIVE_ARCH = YES;
				SDKROOT = iphoneos;
				SWIFT_ACTIVE_COMPILATION_CONDITIONS = DEBUG;
				SWIFT_OPTIMIZATION_LEVEL = "-Onone";
			};
			name = Debug;
		};
		AF521DC91F828C0E00F8E564 /* Release */ = {
			isa = XCBuildConfiguration;
			buildSettings = {
				ALWAYS_SEARCH_USER_PATHS = NO;
				CLANG_ANALYZER_NONNULL = YES;
				CLANG_ANALYZER_NUMBER_OBJECT_CONVERSION = YES_AGGRESSIVE;
				CLANG_CXX_LANGUAGE_STANDARD = "gnu++14";
				CLANG_CXX_LIBRARY = "libc++";
				CLANG_ENABLE_MODULES = YES;
				CLANG_ENABLE_OBJC_ARC = YES;
				CLANG_WARN_BLOCK_CAPTURE_AUTORELEASING = YES;
				CLANG_WARN_BOOL_CONVERSION = YES;
				CLANG_WARN_COMMA = YES;
				CLANG_WARN_CONSTANT_CONVERSION = YES;
				CLANG_WARN_DIRECT_OBJC_ISA_USAGE = YES_ERROR;
				CLANG_WARN_DOCUMENTATION_COMMENTS = YES;
				CLANG_WARN_EMPTY_BODY = YES;
				CLANG_WARN_ENUM_CONVERSION = YES;
				CLANG_WARN_INFINITE_RECURSION = YES;
				CLANG_WARN_INT_CONVERSION = YES;
				CLANG_WARN_NON_LITERAL_NULL_CONVERSION = YES;
				CLANG_WARN_OBJC_LITERAL_CONVERSION = YES;
				CLANG_WARN_OBJC_ROOT_CLASS = YES_ERROR;
				CLANG_WARN_RANGE_LOOP_ANALYSIS = YES;
				CLANG_WARN_STRICT_PROTOTYPES = YES;
				CLANG_WARN_SUSPICIOUS_MOVE = YES;
				CLANG_WARN_UNGUARDED_AVAILABILITY = YES_AGGRESSIVE;
				CLANG_WARN_UNREACHABLE_CODE = YES;
				CLANG_WARN__DUPLICATE_METHOD_MATCH = YES;
				CODE_SIGN_IDENTITY = "iPhone Developer";
				COPY_PHASE_STRIP = NO;
				DEBUG_INFORMATION_FORMAT = "dwarf-with-dsym";
				ENABLE_NS_ASSERTIONS = NO;
				ENABLE_STRICT_OBJC_MSGSEND = YES;
				GCC_C_LANGUAGE_STANDARD = gnu11;
				GCC_NO_COMMON_BLOCKS = YES;
				GCC_WARN_64_TO_32_BIT_CONVERSION = YES;
				GCC_WARN_ABOUT_RETURN_TYPE = YES_ERROR;
				GCC_WARN_UNDECLARED_SELECTOR = YES;
				GCC_WARN_UNINITIALIZED_AUTOS = YES_AGGRESSIVE;
				GCC_WARN_UNUSED_FUNCTION = YES;
				GCC_WARN_UNUSED_VARIABLE = YES;
				IPHONEOS_DEPLOYMENT_TARGET = 11.0;
				MTL_ENABLE_DEBUG_INFO = NO;
				SDKROOT = iphoneos;
				SWIFT_OPTIMIZATION_LEVEL = "-Owholemodule";
				VALIDATE_PRODUCT = YES;
			};
			name = Release;
		};
		AF521DCB1F828C0E00F8E564 /* Debug */ = {
			isa = XCBuildConfiguration;
			buildSettings = {
				ASSETCATALOG_COMPILER_APPICON_NAME = AppIcon;
				CODE_SIGN_STYLE = Automatic;
				INFOPLIST_FILE = LoginForm/Info.plist;
				LD_RUNPATH_SEARCH_PATHS = "$(inherited) @executable_path/Frameworks";
				PRODUCT_BUNDLE_IDENTIFIER = com.williamjohn.LoginForm;
				PRODUCT_NAME = "$(TARGET_NAME)";
				SWIFT_VERSION = 4.0;
				TARGETED_DEVICE_FAMILY = "1,2";
			};
			name = Debug;
		};
		AF521DCC1F828C0E00F8E564 /* Release */ = {
			isa = XCBuildConfiguration;
			buildSettings = {
				ASSETCATALOG_COMPILER_APPICON_NAME = AppIcon;
				CODE_SIGN_STYLE = Automatic;
				INFOPLIST_FILE = LoginForm/Info.plist;
				LD_RUNPATH_SEARCH_PATHS = "$(inherited) @executable_path/Frameworks";
				PRODUCT_BUNDLE_IDENTIFIER = com.williamjohn.LoginForm;
				PRODUCT_NAME = "$(TARGET_NAME)";
				SWIFT_VERSION = 4.0;
				TARGETED_DEVICE_FAMILY = "1,2";
			};
			name = Release;
		};
		AF521DCE1F828C0E00F8E564 /* Debug */ = {
			isa = XCBuildConfiguration;
			buildSettings = {
				ALWAYS_EMBED_SWIFT_STANDARD_LIBRARIES = YES;
				BUNDLE_LOADER = "$(TEST_HOST)";
				CODE_SIGN_STYLE = Automatic;
				INFOPLIST_FILE = LoginFormTests/Info.plist;
				LD_RUNPATH_SEARCH_PATHS = "$(inherited) @executable_path/Frameworks @loader_path/Frameworks";
				PRODUCT_BUNDLE_IDENTIFIER = com.williamjohn.LoginFormTests;
				PRODUCT_NAME = "$(TARGET_NAME)";
				SWIFT_VERSION = 4.0;
				TARGETED_DEVICE_FAMILY = "1,2";
				TEST_HOST = "$(BUILT_PRODUCTS_DIR)/LoginForm.app/LoginForm";
			};
			name = Debug;
		};
		AF521DCF1F828C0E00F8E564 /* Release */ = {
			isa = XCBuildConfiguration;
			buildSettings = {
				ALWAYS_EMBED_SWIFT_STANDARD_LIBRARIES = YES;
				BUNDLE_LOADER = "$(TEST_HOST)";
				CODE_SIGN_STYLE = Automatic;
				INFOPLIST_FILE = LoginFormTests/Info.plist;
				LD_RUNPATH_SEARCH_PATHS = "$(inherited) @executable_path/Frameworks @loader_path/Frameworks";
				PRODUCT_BUNDLE_IDENTIFIER = com.williamjohn.LoginFormTests;
				PRODUCT_NAME = "$(TARGET_NAME)";
				SWIFT_VERSION = 4.0;
				TARGETED_DEVICE_FAMILY = "1,2";
				TEST_HOST = "$(BUILT_PRODUCTS_DIR)/LoginForm.app/LoginForm";
			};
			name = Release;
		};
		AF521DD11F828C0E00F8E564 /* Debug */ = {
			isa = XCBuildConfiguration;
			buildSettings = {
				ALWAYS_EMBED_SWIFT_STANDARD_LIBRARIES = YES;
				CODE_SIGN_STYLE = Automatic;
				INFOPLIST_FILE = LoginFormUITests/Info.plist;
				LD_RUNPATH_SEARCH_PATHS = "$(inherited) @executable_path/Frameworks @loader_path/Frameworks";
				PRODUCT_BUNDLE_IDENTIFIER = com.williamjohn.LoginFormUITests;
				PRODUCT_NAME = "$(TARGET_NAME)";
				SWIFT_VERSION = 4.0;
				TARGETED_DEVICE_FAMILY = "1,2";
				TEST_TARGET_NAME = LoginForm;
			};
			name = Debug;
		};
		AF521DD21F828C0E00F8E564 /* Release */ = {
			isa = XCBuildConfiguration;
			buildSettings = {
				ALWAYS_EMBED_SWIFT_STANDARD_LIBRARIES = YES;
				CODE_SIGN_STYLE = Automatic;
				INFOPLIST_FILE = LoginFormUITests/Info.plist;
				LD_RUNPATH_SEARCH_PATHS = "$(inherited) @executable_path/Frameworks @loader_path/Frameworks";
				PRODUCT_BUNDLE_IDENTIFIER = com.williamjohn.LoginFormUITests;
				PRODUCT_NAME = "$(TARGET_NAME)";
				SWIFT_VERSION = 4.0;
				TARGETED_DEVICE_FAMILY = "1,2";
				TEST_TARGET_NAME = LoginForm;
			};
			name = Release;
		};
/* End XCBuildConfiguration section */

/* Begin XCConfigurationList section */
		AF521D9D1F828C0E00F8E564 /* Build configuration list for PBXProject "LoginForm" */ = {
			isa = XCConfigurationList;
			buildConfigurations = (
				AF521DC81F828C0E00F8E564 /* Debug */,
				AF521DC91F828C0E00F8E564 /* Release */,
			);
			defaultConfigurationIsVisible = 0;
			defaultConfigurationName = Release;
		};
		AF521DCA1F828C0E00F8E564 /* Build configuration list for PBXNativeTarget "LoginForm" */ = {
			isa = XCConfigurationList;
			buildConfigurations = (
				AF521DCB1F828C0E00F8E564 /* Debug */,
				AF521DCC1F828C0E00F8E564 /* Release */,
			);
			defaultConfigurationIsVisible = 0;
			defaultConfigurationName = Release;
		};
		AF521DCD1F828C0E00F8E564 /* Build configuration list for PBXNativeTarget "LoginFormTests" */ = {
			isa = XCConfigurationList;
			buildConfigurations = (
				AF521DCE1F828C0E00F8E564 /* Debug */,
				AF521DCF1F828C0E00F8E564 /* Release */,
			);
			defaultConfigurationIsVisible = 0;
			defaultConfigurationName = Release;
		};
		AF521DD01F828C0E00F8E564 /* Build configuration list for PBXNativeTarget "LoginFormUITests" */ = {
			isa = XCConfigurationList;
			buildConfigurations = (
				AF521DD11F828C0E00F8E564 /* Debug */,
				AF521DD21F828C0E00F8E564 /* Release */,
			);
			defaultConfigurationIsVisible = 0;
			defaultConfigurationName = Release;
		};
/* End XCConfigurationList section */
	};
	rootObject = AF521D9A1F828C0E00F8E564 /* Project object */;
}
